PODS:
  - GoogleAds-IMA-iOS-SDK (3.11.4)

DEPENDENCIES:
  - GoogleAds-IMA-iOS-SDK (~> 3.11.4)

SPEC REPOS:
  trunk:
    - GoogleAds-IMA-iOS-SDK

SPEC CHECKSUMS:
  GoogleAds-IMA-iOS-SDK: 7f5b78b31ce97ec1f515866ed54118922004f987

PODFILE CHECKSUM: a20af7bcc2aa333b4f34d5903e5944a799feb354

COCOAPODS: 1.9.3
